github.com/TubularBlockchain/ccapi_bindings/go v0.0.0-20250304183749-840b58415bdc h1:DZCSkjaOK6yrZS6S5VbVQ/FPfPkrPHmOPb0EYf4fE+U=
github.com/TubularBlockchain/ccapi_bindings/go v0.0.0-20250304183749-840b58415bdc/go.mod h1:tcymqlko6Hvbe7TaucMwum17jBMrgVyi1lc3g2jY/Bc=
github.com/TubularBlockchain/ccapi_bindings/go v0.0.0-20250304184244-786d4842884a h1:sM5JTLbzeRror1hheX2KN8vbXC33Ya4+dbVYuLWSG24=
github.com/TubularBlockchain/ccapi_bindings/go v0.0.0-20250304184244-786d4842884a/go.mod h1:tcymqlko6Hvbe7TaucMwum17jBMrgVyi1lc3g2jY/Bc=
